{
  "requires": true,
  "lockfileVersion": 1,
  "dependencies": {
    "@influxdata/clockface": {
      "version": "2.7.0",
      "resolved": "https://registry.npmjs.org/@influxdata/clockface/-/clockface-2.7.0.tgz",
      "integrity": "sha512-7lTbvW2FWKLqeBlybKmVQD8e3ugKhGopgA/jiiE3C3bjUUE6wOcKNZCdUyxN/t724Kzj21LN8kEPOEFtElWgwg=="
    },
    "array.partial": {
      "version": "1.0.5",
      "resolved": "https://registry.npmjs.org/array.partial/-/array.partial-1.0.5.tgz",
      "integrity": "sha512-nkHH1dU6JXrwppCqdUD5M1R85vihgBqhk9miq+3WFwwRayNY1ggpOT6l99PppqYQ1Hcjv2amFfUzhe25eAcYfA=="
    },
    "react-dropdown-tree-select": {
      "version": "2.5.1",
      "resolved": "https://registry.npmjs.org/react-dropdown-tree-select/-/react-dropdown-tree-select-2.5.1.tgz",
      "integrity": "sha512-9sN62pIci6EZ0Fni5fqB7b5e7UG/FQ/qSwYtcc0+P3VaE1bHnEYQ9XxTSkFqpbVsy9dfq94RGaECzWcErgB+jw==",
      "requires": {
        "array.partial": "^1.0.5",
        "react-infinite-scroll-component": "^4.0.2"
      }
    },
    "react-infinite-scroll-component": {
      "version": "4.5.3",
      "resolved": "https://registry.npmjs.org/react-infinite-scroll-component/-/react-infinite-scroll-component-4.5.3.tgz",
      "integrity": "sha512-8O0PIeYZx0xFVS1ChLlLl/1obn64vylzXeheLsm+t0qUibmet7U6kDaKFg6jVRQJwDikWBTcyqEFFsxrbFCO5w=="
    },
    "three": {
      "version": "0.127.0",
      "resolved": "https://registry.npmjs.org/three/-/three-0.127.0.tgz",
      "integrity": "sha512-wtgrn+mhYUbobxT7QN3GPdu3SRpSBQvwY6uOzLChWS7QE//f7paDU/+wlzbg+ngeIvBBqjBHSRuywTh8A99Jng=="
    },
    "three-gltf-loader": {
      "version": "1.111.0",
      "resolved": "https://registry.npmjs.org/three-gltf-loader/-/three-gltf-loader-1.111.0.tgz",
      "integrity": "sha512-f2d6J5sMEC+dvRcpRjE8g9vqtvpNfnR7bgd+R7Y0dj2mmHwKN5luKe/WYA0Z9+j7mhjla/AC5DGxdXsu8wFhug=="
    }
  }
}
